// !$*UTF8*$!
{
	archiveVersion = 1;
	classes = {
	};
	objectVersion = 51;
	objects = {

/* Begin PBXBuildFile section */
		46523011F577A4CC6246117E /* Pods_MusicAppTests.framework in Frameworks */ = {isa = PBXBuildFile; fileRef = 6A904B7442D11CC19B49F659 /* Pods_MusicAppTests.framework */; };
		936FCAA6F0D7B8484E66B695 /* Pods_MusicApp_MusicAppUITests.framework in Frameworks */ = {isa = PBXBuildFile; fileRef = AA654F335ED5807F37B5CEB2 /* Pods_MusicApp_MusicAppUITests.framework */; };
		CA1C22CA2457632A000CE6F9 /* PlayerListItemView.swift in Sources */ = {isa = PBXBuildFile; fileRef = CA1C22C92457632A000CE6F9 /* PlayerListItemView.swift */; };
		CA1C22CC2457F681000CE6F9 /* PlayerView.swift in Sources */ = {isa = PBXBuildFile; fileRef = CA1C22CB2457F681000CE6F9 /* PlayerView.swift */; };
		CAF25725244B8EC40018DEF0 /* AppDelegate.swift in Sources */ = {isa = PBXBuildFile; fileRef = CAF25724244B8EC40018DEF0 /* AppDelegate.swift */; };
		CAF25727244B8EC40018DEF0 /* SceneDelegate.swift in Sources */ = {isa = PBXBuildFile; fileRef = CAF25726244B8EC40018DEF0 /* SceneDelegate.swift */; };
		CAF25729244B8EC40018DEF0 /* ContentView.swift in Sources */ = {isa = PBXBuildFile; fileRef = CAF25728244B8EC40018DEF0 /* ContentView.swift */; };
		CAF2572B244B8EC80018DEF0 /* Assets.xcassets in Resources */ = {isa = PBXBuildFile; fileRef = CAF2572A244B8EC80018DEF0 /* Assets.xcassets */; };
		CAF2572E244B8EC80018DEF0 /* Preview Assets.xcassets in Resources */ = {isa = PBXBuildFile; fileRef = CAF2572D244B8EC80018DEF0 /* Preview Assets.xcassets */; };
		CAF25731244B8EC80018DEF0 /* LaunchScreen.storyboard in Resources */ = {isa = PBXBuildFile; fileRef = CAF2572F244B8EC80018DEF0 /* LaunchScreen.storyboard */; };
		CAF2573C244B8EC80018DEF0 /* MusicAppTests.swift in Sources */ = {isa = PBXBuildFile; fileRef = CAF2573B244B8EC80018DEF0 /* MusicAppTests.swift */; };
		CAF25747244B8EC80018DEF0 /* MusicAppUITests.swift in Sources */ = {isa = PBXBuildFile; fileRef = CAF25746244B8EC80018DEF0 /* MusicAppUITests.swift */; };
		CAF25755244B8FE10018DEF0 /* iTunesObserver.swift in Sources */ = {isa = PBXBuildFile; fileRef = CAF25754244B8FE10018DEF0 /* iTunesObserver.swift */; };
		CAF25757244B934E0018DEF0 /* Structs.swift in Sources */ = {isa = PBXBuildFile; fileRef = CAF25756244B934E0018DEF0 /* Structs.swift */; };
		CAF25759244F359D0018DEF0 /* Player.swift in Sources */ = {isa = PBXBuildFile; fileRef = CAF25758244F359D0018DEF0 /* Player.swift */; };
		D1559F43259AFB2627FE611D /* Pods_MusicApp.framework in Frameworks */ = {isa = PBXBuildFile; fileRef = F0323510B5A601355457295B /* Pods_MusicApp.framework */; };
/* End PBXBuildFile section */

/* Begin PBXContainerItemProxy section */
		CAF25738244B8EC80018DEF0 /* PBXContainerItemProxy */ = {
			isa = PBXContainerItemProxy;
			containerPortal = CAF25719244B8EC40018DEF0 /* Project object */;
			proxyType = 1;
			remoteGlobalIDString = CAF25720244B8EC40018DEF0;
			remoteInfo = MusicApp;
		};
		CAF25743244B8EC80018DEF0 /* PBXContainerItemProxy */ = {
			isa = PBXContainerItemProxy;
			containerPortal = CAF25719244B8EC40018DEF0 /* Project object */;
			proxyType = 1;
			remoteGlobalIDString = CAF25720244B8EC40018DEF0;
			remoteInfo = MusicApp;
		};
/* End PBXContainerItemProxy section */

/* Begin PBXFileReference section */
		478C3006288544212AB66147 /* Pods-MusicApp-MusicAppUITests.release.xcconfig */ = {isa = PBXFileReference; includeInIndex = 1; lastKnownFileType = text.xcconfig; name = "Pods-MusicApp-MusicAppUITests.release.xcconfig"; path = "Target Support Files/Pods-MusicApp-MusicAppUITests/Pods-MusicApp-MusicAppUITests.release.xcconfig"; sourceTree = "<group>"; };
		6A904B7442D11CC19B49F659 /* Pods_MusicAppTests.framework */ = {isa = PBXFileReference; explicitFileType = wrapper.framework; includeInIndex = 0; path = Pods_MusicAppTests.framework; sourceTree = BUILT_PRODUCTS_DIR; };
		6F9CB06C2ADC8AE9A348AE05 /* Pods-MusicApp.debug.xcconfig */ = {isa = PBXFileReference; includeInIndex = 1; lastKnownFileType = text.xcconfig; name = "Pods-MusicApp.debug.xcconfig"; path = "Target Support Files/Pods-MusicApp/Pods-MusicApp.debug.xcconfig"; sourceTree = "<group>"; };
		A620103B22B2D26D3C2B98CC /* Pods-MusicAppTests.debug.xcconfig */ = {isa = PBXFileReference; includeInIndex = 1; lastKnownFileType = text.xcconfig; name = "Pods-MusicAppTests.debug.xcconfig"; path = "Target Support Files/Pods-MusicAppTests/Pods-MusicAppTests.debug.xcconfig"; sourceTree = "<group>"; };
		AA654F335ED5807F37B5CEB2 /* Pods_MusicApp_MusicAppUITests.framework */ = {isa = PBXFileReference; explicitFileType = wrapper.framework; includeInIndex = 0; path = Pods_MusicApp_MusicAppUITests.framework; sourceTree = BUILT_PRODUCTS_DIR; };
		CA1C22C92457632A000CE6F9 /* PlayerListItemView.swift */ = {isa = PBXFileReference; lastKnownFileType = sourcecode.swift; path = PlayerListItemView.swift; sourceTree = "<group>"; };
		CA1C22CB2457F681000CE6F9 /* PlayerView.swift */ = {isa = PBXFileReference; lastKnownFileType = sourcecode.swift; path = PlayerView.swift; sourceTree = "<group>"; };
		CAF25721244B8EC40018DEF0 /* MusicApp.app */ = {isa = PBXFileReference; explicitFileType = wrapper.application; includeInIndex = 0; path = MusicApp.app; sourceTree = BUILT_PRODUCTS_DIR; };
		CAF25724244B8EC40018DEF0 /* AppDelegate.swift */ = {isa = PBXFileReference; lastKnownFileType = sourcecode.swift; path = AppDelegate.swift; sourceTree = "<group>"; };
		CAF25726244B8EC40018DEF0 /* SceneDelegate.swift */ = {isa = PBXFileReference; lastKnownFileType = sourcecode.swift; path = SceneDelegate.swift; sourceTree = "<group>"; };
		CAF25728244B8EC40018DEF0 /* ContentView.swift */ = {isa = PBXFileReference; lastKnownFileType = sourcecode.swift; path = ContentView.swift; sourceTree = "<group>"; };
		CAF2572A244B8EC80018DEF0 /* Assets.xcassets */ = {isa = PBXFileReference; lastKnownFileType = folder.assetcatalog; path = Assets.xcassets; sourceTree = "<group>"; };
		CAF2572D244B8EC80018DEF0 /* Preview Assets.xcassets */ = {isa = PBXFileReference; lastKnownFileType = folder.assetcatalog; path = "Preview Assets.xcassets"; sourceTree = "<group>"; };
		CAF25730244B8EC80018DEF0 /* Base */ = {isa = PBXFileReference; lastKnownFileType = file.storyboard; name = Base; path = Base.lproj/LaunchScreen.storyboard; sourceTree = "<group>"; };
		CAF25732244B8EC80018DEF0 /* Info.plist */ = {isa = PBXFileReference; lastKnownFileType = text.plist.xml; path = Info.plist; sourceTree = "<group>"; };
		CAF25737244B8EC80018DEF0 /* MusicAppTests.xctest */ = {isa = PBXFileReference; explicitFileType = wrapper.cfbundle; includeInIndex = 0; path = MusicAppTests.xctest; sourceTree = BUILT_PRODUCTS_DIR; };
		CAF2573B244B8EC80018DEF0 /* MusicAppTests.swift */ = {isa = PBXFileReference; lastKnownFileType = sourcecode.swift; path = MusicAppTests.swift; sourceTree = "<group>"; };
		CAF2573D244B8EC80018DEF0 /* Info.plist */ = {isa = PBXFileReference; lastKnownFileType = text.plist.xml; path = Info.plist; sourceTree = "<group>"; };
		CAF25742244B8EC80018DEF0 /* MusicAppUITests.xctest */ = {isa = PBXFileReference; explicitFileType = wrapper.cfbundle; includeInIndex = 0; path = MusicAppUITests.xctest; sourceTree = BUILT_PRODUCTS_DIR; };
		CAF25746244B8EC80018DEF0 /* MusicAppUITests.swift */ = {isa = PBXFileReference; lastKnownFileType = sourcecode.swift; path = MusicAppUITests.swift; sourceTree = "<group>"; };
		CAF25748244B8EC80018DEF0 /* Info.plist */ = {isa = PBXFileReference; lastKnownFileType = text.plist.xml; path = Info.plist; sourceTree = "<group>"; };
		CAF25754244B8FE10018DEF0 /* iTunesObserver.swift */ = {isa = PBXFileReference; lastKnownFileType = sourcecode.swift; path = iTunesObserver.swift; sourceTree = "<group>"; };
		CAF25756244B934E0018DEF0 /* Structs.swift */ = {isa = PBXFileReference; lastKnownFileType = sourcecode.swift; path = Structs.swift; sourceTree = "<group>"; };
		CAF25758244F359D0018DEF0 /* Player.swift */ = {isa = PBXFileReference; lastKnownFileType = sourcecode.swift; path = Player.swift; sourceTree = "<group>"; };
		E65B337E41C70F8E7D1ACCA5 /* Pods-MusicApp-MusicAppUITests.debug.xcconfig */ = {isa = PBXFileReference; includeInIndex = 1; lastKnownFileType = text.xcconfig; name = "Pods-MusicApp-MusicAppUITests.debug.xcconfig"; path = "Target Support Files/Pods-MusicApp-MusicAppUITests/Pods-MusicApp-MusicAppUITests.debug.xcconfig"; sourceTree = "<group>"; };
		F0323510B5A601355457295B /* Pods_MusicApp.framework */ = {isa = PBXFileReference; explicitFileType = wrapper.framework; includeInIndex = 0; path = Pods_MusicApp.framework; sourceTree = BUILT_PRODUCTS_DIR; };
		F2338D079938D03C33269CF7 /* Pods-MusicAppTests.release.xcconfig */ = {isa = PBXFileReference; includeInIndex = 1; lastKnownFileType = text.xcconfig; name = "Pods-MusicAppTests.release.xcconfig"; path = "Target Support Files/Pods-MusicAppTests/Pods-MusicAppTests.release.xcconfig"; sourceTree = "<group>"; };
		F3F0305FA32EEC0004A9BE59 /* Pods-MusicApp.release.xcconfig */ = {isa = PBXFileReference; includeInIndex = 1; lastKnownFileType = text.xcconfig; name = "Pods-MusicApp.release.xcconfig"; path = "Target Support Files/Pods-MusicApp/Pods-MusicApp.release.xcconfig"; sourceTree = "<group>"; };
/* End PBXFileReference section */

/* Begin PBXFrameworksBuildPhase section */
		CAF2571E244B8EC40018DEF0 /* Frameworks */ = {
			isa = PBXFrameworksBuildPhase;
			buildActionMask = 2147483647;
			files = (
				D1559F43259AFB2627FE611D /* Pods_MusicApp.framework in Frameworks */,
			);
			runOnlyForDeploymentPostprocessing = 0;
		};
		CAF25734244B8EC80018DEF0 /* Frameworks */ = {
			isa = PBXFrameworksBuildPhase;
			buildActionMask = 2147483647;
			files = (
				46523011F577A4CC6246117E /* Pods_MusicAppTests.framework in Frameworks */,
			);
			runOnlyForDeploymentPostprocessing = 0;
		};
		CAF2573F244B8EC80018DEF0 /* Frameworks */ = {
			isa = PBXFrameworksBuildPhase;
			buildActionMask = 2147483647;
			files = (
				936FCAA6F0D7B8484E66B695 /* Pods_MusicApp_MusicAppUITests.framework in Frameworks */,
			);
			runOnlyForDeploymentPostprocessing = 0;
		};
/* End PBXFrameworksBuildPhase section */

/* Begin PBXGroup section */
		36F03F3E324445CE87F725CB /* Frameworks */ = {
			isa = PBXGroup;
			children = (
				F0323510B5A601355457295B /* Pods_MusicApp.framework */,
				AA654F335ED5807F37B5CEB2 /* Pods_MusicApp_MusicAppUITests.framework */,
				6A904B7442D11CC19B49F659 /* Pods_MusicAppTests.framework */,
			);
			name = Frameworks;
			sourceTree = "<group>";
		};
		39253655A744F5EF8C1331DE /* Pods */ = {
			isa = PBXGroup;
			children = (
				6F9CB06C2ADC8AE9A348AE05 /* Pods-MusicApp.debug.xcconfig */,
				F3F0305FA32EEC0004A9BE59 /* Pods-MusicApp.release.xcconfig */,
				E65B337E41C70F8E7D1ACCA5 /* Pods-MusicApp-MusicAppUITests.debug.xcconfig */,
				478C3006288544212AB66147 /* Pods-MusicApp-MusicAppUITests.release.xcconfig */,
				A620103B22B2D26D3C2B98CC /* Pods-MusicAppTests.debug.xcconfig */,
				F2338D079938D03C33269CF7 /* Pods-MusicAppTests.release.xcconfig */,
			);
			path = Pods;
			sourceTree = "<group>";
		};
		CAF25718244B8EC40018DEF0 = {
			isa = PBXGroup;
			children = (
				CAF25723244B8EC40018DEF0 /* MusicApp */,
				CAF2573A244B8EC80018DEF0 /* MusicAppTests */,
				CAF25745244B8EC80018DEF0 /* MusicAppUITests */,
				CAF25722244B8EC40018DEF0 /* Products */,
				39253655A744F5EF8C1331DE /* Pods */,
				36F03F3E324445CE87F725CB /* Frameworks */,
			);
			sourceTree = "<group>";
		};
		CAF25722244B8EC40018DEF0 /* Products */ = {
			isa = PBXGroup;
			children = (
				CAF25721244B8EC40018DEF0 /* MusicApp.app */,
				CAF25737244B8EC80018DEF0 /* MusicAppTests.xctest */,
				CAF25742244B8EC80018DEF0 /* MusicAppUITests.xctest */,
			);
			name = Products;
			sourceTree = "<group>";
		};
		CAF25723244B8EC40018DEF0 /* MusicApp */ = {
			isa = PBXGroup;
			children = (
				CAF25724244B8EC40018DEF0 /* AppDelegate.swift */,
				CAF25726244B8EC40018DEF0 /* SceneDelegate.swift */,
				CAF25728244B8EC40018DEF0 /* ContentView.swift */,
				CAF2572A244B8EC80018DEF0 /* Assets.xcassets */,
				CAF2572F244B8EC80018DEF0 /* LaunchScreen.storyboard */,
				CAF25732244B8EC80018DEF0 /* Info.plist */,
				CAF2572C244B8EC80018DEF0 /* Preview Content */,
				CAF25754244B8FE10018DEF0 /* iTunesObserver.swift */,
				CAF25756244B934E0018DEF0 /* Structs.swift */,
				CAF25758244F359D0018DEF0 /* Player.swift */,
				CA1C22C92457632A000CE6F9 /* PlayerListItemView.swift */,
				CA1C22CB2457F681000CE6F9 /* PlayerView.swift */,
			);
			path = MusicApp;
			sourceTree = "<group>";
		};
		CAF2572C244B8EC80018DEF0 /* Preview Content */ = {
			isa = PBXGroup;
			children = (
				CAF2572D244B8EC80018DEF0 /* Preview Assets.xcassets */,
			);
			path = "Preview Content";
			sourceTree = "<group>";
		};
		CAF2573A244B8EC80018DEF0 /* MusicAppTests */ = {
			isa = PBXGroup;
			children = (
				CAF2573B244B8EC80018DEF0 /* MusicAppTests.swift */,
				CAF2573D244B8EC80018DEF0 /* Info.plist */,
			);
			path = MusicAppTests;
			sourceTree = "<group>";
		};
		CAF25745244B8EC80018DEF0 /* MusicAppUITests */ = {
			isa = PBXGroup;
			children = (
				CAF25746244B8EC80018DEF0 /* MusicAppUITests.swift */,
				CAF25748244B8EC80018DEF0 /* Info.plist */,
			);
			path = MusicAppUITests;
			sourceTree = "<group>";
		};
/* End PBXGroup section */

/* Begin PBXNativeTarget section */
		CAF25720244B8EC40018DEF0 /* MusicApp */ = {
			isa = PBXNativeTarget;
			buildConfigurationList = CAF2574B244B8EC80018DEF0 /* Build configuration list for PBXNativeTarget "MusicApp" */;
			buildPhases = (
				BCD4A7F8F60A099109FF0CD7 /* [CP] Check Pods Manifest.lock */,
				CAF2571D244B8EC40018DEF0 /* Sources */,
				CAF2571E244B8EC40018DEF0 /* Frameworks */,
				CAF2571F244B8EC40018DEF0 /* Resources */,
				82AA7417D7D8586784AB7851 /* [CP] Embed Pods Frameworks */,
			);
			buildRules = (
			);
			dependencies = (
			);
			name = MusicApp;
			productName = MusicApp;
			productReference = CAF25721244B8EC40018DEF0 /* MusicApp.app */;
			productType = "com.apple.product-type.application";
		};
		CAF25736244B8EC80018DEF0 /* MusicAppTests */ = {
			isa = PBXNativeTarget;
			buildConfigurationList = CAF2574E244B8EC80018DEF0 /* Build configuration list for PBXNativeTarget "MusicAppTests" */;
			buildPhases = (
				3767995C2D44408817E339A7 /* [CP] Check Pods Manifest.lock */,
				CAF25733244B8EC80018DEF0 /* Sources */,
				CAF25734244B8EC80018DEF0 /* Frameworks */,
				CAF25735244B8EC80018DEF0 /* Resources */,
			);
			buildRules = (
			);
			dependencies = (
				CAF25739244B8EC80018DEF0 /* PBXTargetDependency */,
			);
			name = MusicAppTests;
			productName = MusicAppTests;
			productReference = CAF25737244B8EC80018DEF0 /* MusicAppTests.xctest */;
			productType = "com.apple.product-type.bundle.unit-test";
		};
		CAF25741244B8EC80018DEF0 /* MusicAppUITests */ = {
			isa = PBXNativeTarget;
			buildConfigurationList = CAF25751244B8EC80018DEF0 /* Build configuration list for PBXNativeTarget "MusicAppUITests" */;
			buildPhases = (
				78CEF3A5295B8402F7686848 /* [CP] Check Pods Manifest.lock */,
				CAF2573E244B8EC80018DEF0 /* Sources */,
				CAF2573F244B8EC80018DEF0 /* Frameworks */,
				CAF25740244B8EC80018DEF0 /* Resources */,
				1D6C758EC7220D32400165B5 /* [CP] Embed Pods Frameworks */,
			);
			buildRules = (
			);
			dependencies = (
				CAF25744244B8EC80018DEF0 /* PBXTargetDependency */,
			);
			name = MusicAppUITests;
			productName = MusicAppUITests;
			productReference = CAF25742244B8EC80018DEF0 /* MusicAppUITests.xctest */;
			productType = "com.apple.product-type.bundle.ui-testing";
		};
/* End PBXNativeTarget section */

/* Begin PBXProject section */
		CAF25719244B8EC40018DEF0 /* Project object */ = {
			isa = PBXProject;
			attributes = {
				LastSwiftUpdateCheck = 1140;
				LastUpgradeCheck = 1140;
				ORGANIZATIONNAME = "Кристина Перегудова";
				TargetAttributes = {
					CAF25720244B8EC40018DEF0 = {
						CreatedOnToolsVersion = 11.4;
					};
					CAF25736244B8EC80018DEF0 = {
						CreatedOnToolsVersion = 11.4;
						TestTargetID = CAF25720244B8EC40018DEF0;
					};
					CAF25741244B8EC80018DEF0 = {
						CreatedOnToolsVersion = 11.4;
						TestTargetID = CAF25720244B8EC40018DEF0;
					};
				};
			};
			buildConfigurationList = CAF2571C244B8EC40018DEF0 /* Build configuration list for PBXProject "MusicApp" */;
			compatibilityVersion = "Xcode 9.3";
			developmentRegion = en;
			hasScannedForEncodings = 0;
			knownRegions = (
				en,
				Base,
			);
			mainGroup = CAF25718244B8EC40018DEF0;
			productRefGroup = CAF25722244B8EC40018DEF0 /* Products */;
			projectDirPath = "";
			projectRoot = "";
			targets = (
				CAF25720244B8EC40018DEF0 /* MusicApp */,
				CAF25736244B8EC80018DEF0 /* MusicAppTests */,
				CAF25741244B8EC80018DEF0 /* MusicAppUITests */,
			);
		};
/* End PBXProject section */

/* Begin PBXResourcesBuildPhase section */
		CAF2571F244B8EC40018DEF0 /* Resources */ = {
			isa = PBXResourcesBuildPhase;
			buildActionMask = 2147483647;
			files = (
				CAF25731244B8EC80018DEF0 /* LaunchScreen.storyboard in Resources */,
				CAF2572E244B8EC80018DEF0 /* Preview Assets.xcassets in Resources */,
				CAF2572B244B8EC80018DEF0 /* Assets.xcassets in Resources */,
			);
			runOnlyForDeploymentPostprocessing = 0;
		};
		CAF25735244B8EC80018DEF0 /* Resources */ = {
			isa = PBXResourcesBuildPhase;
			buildActionMask = 2147483647;
			files = (
			);
			runOnlyForDeploymentPostprocessing = 0;
		};
		CAF25740244B8EC80018DEF0 /* Resources */ = {
			isa = PBXResourcesBuildPhase;
			buildActionMask = 2147483647;
			files = (
			);
			runOnlyForDeploymentPostprocessing = 0;
		};
/* End PBXResourcesBuildPhase section */

/* Begin PBXShellScriptBuildPhase section */
		1D6C758EC7220D32400165B5 /* [CP] Embed Pods Frameworks */ = {
			isa = PBXShellScriptBuildPhase;
			buildActionMask = 2147483647;
			files = (
			);
			inputFileListPaths = (
				"${PODS_ROOT}/Target Support Files/Pods-MusicApp-MusicAppUITests/Pods-MusicApp-MusicAppUITests-frameworks-${CONFIGURATION}-input-files.xcfilelist",
			);
			name = "[CP] Embed Pods Frameworks";
			outputFileListPaths = (
				"${PODS_ROOT}/Target Support Files/Pods-MusicApp-MusicAppUITests/Pods-MusicApp-MusicAppUITests-frameworks-${CONFIGURATION}-output-files.xcfilelist",
			);
			runOnlyForDeploymentPostprocessing = 0;
			shellPath = /bin/sh;
			shellScript = "\"${PODS_ROOT}/Target Support Files/Pods-MusicApp-MusicAppUITests/Pods-MusicApp-MusicAppUITests-frameworks.sh\"\n";
			showEnvVarsInLog = 0;
		};
		3767995C2D44408817E339A7 /* [CP] Check Pods Manifest.lock */ = {
			isa = PBXShellScriptBuildPhase;
			buildActionMask = 2147483647;
			files = (
			);
			inputFileListPaths = (
			);
			inputPaths = (
				"${PODS_PODFILE_DIR_PATH}/Podfile.lock",
				"${PODS_ROOT}/Manifest.lock",
			);
			name = "[CP] Check Pods Manifest.lock";
			outputFileListPaths = (
			);
			outputPaths = (
				"$(DERIVED_FILE_DIR)/Pods-MusicAppTests-checkManifestLockResult.txt",
			);
			runOnlyForDeploymentPostprocessing = 0;
			shellPath = /bin/sh;
			shellScript = "diff \"${PODS_PODFILE_DIR_PATH}/Podfile.lock\" \"${PODS_ROOT}/Manifest.lock\" > /dev/null\nif [ $? != 0 ] ; then\n    # print error to STDERR\n    echo \"error: The sandbox is not in sync with the Podfile.lock. Run 'pod install' or update your CocoaPods installation.\" >&2\n    exit 1\nfi\n# This output is used by Xcode 'outputs' to avoid re-running this script phase.\necho \"SUCCESS\" > \"${SCRIPT_OUTPUT_FILE_0}\"\n";
			showEnvVarsInLog = 0;
		};
		78CEF3A5295B8402F7686848 /* [CP] Check Pods Manifest.lock */ = {
			isa = PBXShellScriptBuildPhase;
			buildActionMask = 2147483647;
			files = (
			);
			inputFileListPaths = (
			);
			inputPaths = (
				"${PODS_PODFILE_DIR_PATH}/Podfile.lock",
				"${PODS_ROOT}/Manifest.lock",
			);
			name = "[CP] Check Pods Manifest.lock";
			outputFileListPaths = (
			);
			outputPaths = (
				"$(DERIVED_FILE_DIR)/Pods-MusicApp-MusicAppUITests-checkManifestLockResult.txt",
			);
			runOnlyForDeploymentPostprocessing = 0;
			shellPath = /bin/sh;
			shellScript = "diff \"${PODS_PODFILE_DIR_PATH}/Podfile.lock\" \"${PODS_ROOT}/Manifest.lock\" > /dev/null\nif [ $? != 0 ] ; then\n    # print error to STDERR\n    echo \"error: The sandbox is not in sync with the Podfile.lock. Run 'pod install' or update your CocoaPods installation.\" >&2\n    exit 1\nfi\n# This output is used by Xcode 'outputs' to avoid re-running this script phase.\necho \"SUCCESS\" > \"${SCRIPT_OUTPUT_FILE_0}\"\n";
			showEnvVarsInLog = 0;
		};
		82AA7417D7D8586784AB7851 /* [CP] Embed Pods Frameworks */ = {
			isa = PBXShellScriptBuildPhase;
			buildActionMask = 2147483647;
			files = (
			);
			inputFileListPaths = (
				"${PODS_ROOT}/Target Support Files/Pods-MusicApp/Pods-MusicApp-frameworks-${CONFIGURATION}-input-files.xcfilelist",
			);
			name = "[CP] Embed Pods Frameworks";
			outputFileListPaths = (
				"${PODS_ROOT}/Target Support Files/Pods-MusicApp/Pods-MusicApp-frameworks-${CONFIGURATION}-output-files.xcfilelist",
			);
			runOnlyForDeploymentPostprocessing = 0;
			shellPath = /bin/sh;
			shellScript = "\"${PODS_ROOT}/Target Support Files/Pods-MusicApp/Pods-MusicApp-frameworks.sh\"\n";
			showEnvVarsInLog = 0;
		};
		BCD4A7F8F60A099109FF0CD7 /* [CP] Check Pods Manifest.lock */ = {
			isa = PBXShellScriptBuildPhase;
			buildActionMask = 2147483647;
			files = (
			);
			inputFileListPaths = (
			);
			inputPaths = (
				"${PODS_PODFILE_DIR_PATH}/Podfile.lock",
				"${PODS_ROOT}/Manifest.lock",
			);
			name = "[CP] Check Pods Manifest.lock";
			outputFileListPaths = (
			);
			outputPaths = (
				"$(DERIVED_FILE_DIR)/Pods-MusicApp-checkManifestLockResult.txt",
			);
			runOnlyForDeploymentPostprocessing = 0;
			shellPath = /bin/sh;
			shellScript = "diff \"${PODS_PODFILE_DIR_PATH}/Podfile.lock\" \"${PODS_ROOT}/Manifest.lock\" > /dev/null\nif [ $? != 0 ] ; then\n    # print error to STDERR\n    echo \"error: The sandbox is not in sync with the Podfile.lock. Run 'pod install' or update your CocoaPods installation.\" >&2\n    exit 1\nfi\n# This output is used by Xcode 'outputs' to avoid re-running this script phase.\necho \"SUCCESS\" > \"${SCRIPT_OUTPUT_FILE_0}\"\n";
			showEnvVarsInLog = 0;
		};
/* End PBXShellScriptBuildPhase section */

/* Begin PBXSourcesBuildPhase section */
		CAF2571D244B8EC40018DEF0 /* Sources */ = {
			isa = PBXSourcesBuildPhase;
			buildActionMask = 2147483647;
			files = (
				CAF25725244B8EC40018DEF0 /* AppDelegate.swift in Sources */,
				CAF25727244B8EC40018DEF0 /* SceneDelegate.swift in Sources */,
				CAF25757244B934E0018DEF0 /* Structs.swift in Sources */,
				CA1C22CC2457F681000CE6F9 /* PlayerView.swift in Sources */,
				CAF25729244B8EC40018DEF0 /* ContentView.swift in Sources */,
				CA1C22CA2457632A000CE6F9 /* PlayerListItemView.swift in Sources */,
				CAF25759244F359D0018DEF0 /* Player.swift in Sources */,
				CAF25755244B8FE10018DEF0 /* iTunesObserver.swift in Sources */,
			);
			runOnlyForDeploymentPostprocessing = 0;
		};
		CAF25733244B8EC80018DEF0 /* Sources */ = {
			isa = PBXSourcesBuildPhase;
			buildActionMask = 2147483647;
			files = (
				CAF2573C244B8EC80018DEF0 /* MusicAppTests.swift in Sources */,
			);
			runOnlyForDeploymentPostprocessing = 0;
		};
		CAF2573E244B8EC80018DEF0 /* Sources */ = {
			isa = PBXSourcesBuildPhase;
			buildActionMask = 2147483647;
			files = (
				CAF25747244B8EC80018DEF0 /* MusicAppUITests.swift in Sources */,
			);
			runOnlyForDeploymentPostprocessing = 0;
		};
/* End PBXSourcesBuildPhase section */

/* Begin PBXTargetDependency section */
		CAF25739244B8EC80018DEF0 /* PBXTargetDependency */ = {
			isa = PBXTargetDependency;
			target = CAF25720244B8EC40018DEF0 /* MusicApp */;
			targetProxy = CAF25738244B8EC80018DEF0 /* PBXContainerItemProxy */;
		};
		CAF25744244B8EC80018DEF0 /* PBXTargetDependency */ = {
			isa = PBXTargetDependency;
			target = CAF25720244B8EC40018DEF0 /* MusicApp */;
			targetProxy = CAF25743244B8EC80018DEF0 /* PBXContainerItemProxy */;
		};
/* End PBXTargetDependency section */

/* Begin PBXVariantGroup section */
		CAF2572F244B8EC80018DEF0 /* LaunchScreen.storyboard */ = {
			isa = PBXVariantGroup;
			children = (
				CAF25730244B8EC80018DEF0 /* Base */,
			);
			name = LaunchScreen.storyboard;
			sourceTree = "<group>";
		};
/* End PBXVariantGroup section */

/* Begin XCBuildConfiguration section */
		CAF25749244B8EC80018DEF0 /* Debug */ = {
			isa = XCBuildConfiguration;
			buildSettings = {
				ALWAYS_SEARCH_USER_PATHS = NO;
				CLANG_ANALYZER_NONNULL = YES;
				CLANG_ANALYZER_NUMBER_OBJECT_CONVERSION = YES_AGGRESSIVE;
				CLANG_CXX_LANGUAGE_STANDARD = "gnu++14";
				CLANG_CXX_LIBRARY = "libc++";
				CLANG_ENABLE_MODULES = YES;
				CLANG_ENABLE_OBJC_ARC = YES;
				CLANG_ENABLE_OBJC_WEAK = YES;
				CLANG_WARN_BLOCK_CAPTURE_AUTORELEASING = YES;
				CLANG_WARN_BOOL_CONVERSION = YES;
				CLANG_WARN_COMMA = YES;
				CLANG_WARN_CONSTANT_CONVERSION = YES;
				CLANG_WARN_DEPRECATED_OBJC_IMPLEMENTATIONS = YES;
				CLANG_WARN_DIRECT_OBJC_ISA_USAGE = YES_ERROR;
				CLANG_WARN_DOCUMENTATION_COMMENTS = YES;
				CLANG_WARN_EMPTY_BODY = YES;
				CLANG_WARN_ENUM_CONVERSION = YES;
				CLANG_WARN_INFINITE_RECURSION = YES;
				CLANG_WARN_INT_CONVERSION = YES;
				CLANG_WARN_NON_LITERAL_NULL_CONVERSION = YES;
				CLANG_WARN_OBJC_IMPLICIT_RETAIN_SELF = YES;
				CLANG_WARN_OBJC_LITERAL_CONVERSION = YES;
				CLANG_WARN_OBJC_ROOT_CLASS = YES_ERROR;
				CLANG_WARN_RANGE_LOOP_ANALYSIS = YES;
				CLANG_WARN_STRICT_PROTOTYPES = YES;
				CLANG_WARN_SUSPICIOUS_MOVE = YES;
				CLANG_WARN_UNGUARDED_AVAILABILITY = YES_AGGRESSIVE;
				CLANG_WARN_UNREACHABLE_CODE = YES;
				CLANG_WARN__DUPLICATE_METHOD_MATCH = YES;
				COPY_PHASE_STRIP = NO;
				DEBUG_INFORMATION_FORMAT = dwarf;
				ENABLE_STRICT_OBJC_MSGSEND = YES;
				ENABLE_TESTABILITY = YES;
				GCC_C_LANGUAGE_STANDARD = gnu11;
				GCC_DYNAMIC_NO_PIC = NO;
				GCC_NO_COMMON_BLOCKS = YES;
				GCC_OPTIMIZATION_LEVEL = 0;
				GCC_PREPROCESSOR_DEFINITIONS = (
					"DEBUG=1",
					"$(inherited)",
				);
				GCC_WARN_64_TO_32_BIT_CONVERSION = YES;
				GCC_WARN_ABOUT_RETURN_TYPE = YES_ERROR;
				GCC_WARN_UNDECLARED_SELECTOR = YES;
				GCC_WARN_UNINITIALIZED_AUTOS = YES_AGGRESSIVE;
				GCC_WARN_UNUSED_FUNCTION = YES;
				GCC_WARN_UNUSED_VARIABLE = YES;
				IPHONEOS_DEPLOYMENT_TARGET = 13.4;
				MTL_ENABLE_DEBUG_INFO = INCLUDE_SOURCE;
				MTL_FAST_MATH = YES;
				ONLY_ACTIVE_ARCH = YES;
				SDKROOT = iphoneos;
				SWIFT_ACTIVE_COMPILATION_CONDITIONS = DEBUG;
				SWIFT_OPTIMIZATION_LEVEL = "-Onone";
			};
			name = Debug;
		};
		CAF2574A244B8EC80018DEF0 /* Release */ = {
			isa = XCBuildConfiguration;
			buildSettings = {
				ALWAYS_SEARCH_USER_PATHS = NO;
				CLANG_ANALYZER_NONNULL = YES;
				CLANG_ANALYZER_NUMBER_OBJECT_CONVERSION = YES_AGGRESSIVE;
				CLANG_CXX_LANGUAGE_STANDARD = "gnu++14";
				CLANG_CXX_LIBRARY = "libc++";
				CLANG_ENABLE_MODULES = YES;
				CLANG_ENABLE_OBJC_ARC = YES;
				CLANG_ENABLE_OBJC_WEAK = YES;
				CLANG_WARN_BLOCK_CAPTURE_AUTORELEASING = YES;
				CLANG_WARN_BOOL_CONVERSION = YES;
				CLANG_WARN_COMMA = YES;
				CLANG_WARN_CONSTANT_CONVERSION = YES;
				CLANG_WARN_DEPRECATED_OBJC_IMPLEMENTATIONS = YES;
				CLANG_WARN_DIRECT_OBJC_ISA_USAGE = YES_ERROR;
				CLANG_WARN_DOCUMENTATION_COMMENTS = YES;
				CLANG_WARN_EMPTY_BODY = YES;
				CLANG_WARN_ENUM_CONVERSION = YES;
				CLANG_WARN_INFINITE_RECURSION = YES;
				CLANG_WARN_INT_CONVERSION = YES;
				CLANG_WARN_NON_LITERAL_NULL_CONVERSION = YES;
				CLANG_WARN_OBJC_IMPLICIT_RETAIN_SELF = YES;
				CLANG_WARN_OBJC_LITERAL_CONVERSION = YES;
				CLANG_WARN_OBJC_ROOT_CLASS = YES_ERROR;
				CLANG_WARN_RANGE_LOOP_ANALYSIS = YES;
				CLANG_WARN_STRICT_PROTOTYPES = YES;
				CLANG_WARN_SUSPICIOUS_MOVE = YES;
				CLANG_WARN_UNGUARDED_AVAILABILITY = YES_AGGRESSIVE;
				CLANG_WARN_UNREACHABLE_CODE = YES;
				CLANG_WARN__DUPLICATE_METHOD_MATCH = YES;
				COPY_PHASE_STRIP = NO;
				DEBUG_INFORMATION_FORMAT = "dwarf-with-dsym";
				ENABLE_NS_ASSERTIONS = NO;
				ENABLE_STRICT_OBJC_MSGSEND = YES;
				GCC_C_LANGUAGE_STANDARD = gnu11;
				GCC_NO_COMMON_BLOCKS = YES;
				GCC_WARN_64_TO_32_BIT_CONVERSION = YES;
				GCC_WARN_ABOUT_RETURN_TYPE = YES_ERROR;
				GCC_WARN_UNDECLARED_SELECTOR = YES;
				GCC_WARN_UNINITIALIZED_AUTOS = YES_AGGRESSIVE;
				GCC_WARN_UNUSED_FUNCTION = YES;
				GCC_WARN_UNUSED_VARIABLE = YES;
				IPHONEOS_DEPLOYMENT_TARGET = 13.4;
				MTL_ENABLE_DEBUG_INFO = NO;
				MTL_FAST_MATH = YES;
				SDKROOT = iphoneos;
				SWIFT_COMPILATION_MODE = wholemodule;
				SWIFT_OPTIMIZATION_LEVEL = "-O";
				VALIDATE_PRODUCT = YES;
			};
			name = Release;
		};
		CAF2574C244B8EC80018DEF0 /* Debug */ = {
			isa = XCBuildConfiguration;
			baseConfigurationReference = 6F9CB06C2ADC8AE9A348AE05 /* Pods-MusicApp.debug.xcconfig */;
			buildSettings = {
				ASSETCATALOG_COMPILER_APPICON_NAME = AppIcon;
				CODE_SIGN_STYLE = Automatic;
				DEVELOPMENT_ASSET_PATHS = "\"MusicApp/Preview Content\"";
				DEVELOPMENT_TEAM = 7NZPBTA9R6;
				ENABLE_PREVIEWS = YES;
				INFOPLIST_FILE = MusicApp/Info.plist;
				LD_RUNPATH_SEARCH_PATHS = (
					"$(inherited)",
					"@executable_path/Frameworks",
				);
				PRODUCT_BUNDLE_IDENTIFIER = com.perekrist.MusicApp;
				PRODUCT_NAME = "$(TARGET_NAME)";
				SWIFT_VERSION = 5.0;
				TARGETED_DEVICE_FAMILY = "1,2";
			};
			name = Debug;
		};
		CAF2574D244B8EC80018DEF0 /* Release */ = {
			isa = XCBuildConfiguration;
			baseConfigurationReference = F3F0305FA32EEC0004A9BE59 /* Pods-MusicApp.release.xcconfig */;
			buildSettings = {
				ASSETCATALOG_COMPILER_APPICON_NAME = AppIcon;
				CODE_SIGN_STYLE = Automatic;
				DEVELOPMENT_ASSET_PATHS = "\"MusicApp/Preview Content\"";
				DEVELOPMENT_TEAM = 7NZPBTA9R6;
				ENABLE_PREVIEWS = YES;
				INFOPLIST_FILE = MusicApp/Info.plist;
				LD_RUNPATH_SEARCH_PATHS = (
					"$(inherited)",
					"@executable_path/Frameworks",
				);
				PRODUCT_BUNDLE_IDENTIFIER = com.perekrist.MusicApp;
				PRODUCT_NAME = "$(TARGET_NAME)";
				SWIFT_VERSION = 5.0;
				TARGETED_DEVICE_FAMILY = "1,2";
			};
			name = Release;
		};
		CAF2574F244B8EC80018DEF0 /* Debug */ = {
			isa = XCBuildConfiguration;
			baseConfigurationReference = A620103B22B2D26D3C2B98CC /* Pods-MusicAppTests.debug.xcconfig */;
			buildSettings = {
				ALWAYS_EMBED_SWIFT_STANDARD_LIBRARIES = YES;
				BUNDLE_LOADER = "$(TEST_HOST)";
				CODE_SIGN_STYLE = Automatic;
				DEVELOPMENT_TEAM = 7NZPBTA9R6;
				INFOPLIST_FILE = MusicAppTests/Info.plist;
				IPHONEOS_DEPLOYMENT_TARGET = 13.4;
				LD_RUNPATH_SEARCH_PATHS = (
					"$(inherited)",
					"@executable_path/Frameworks",
					"@loader_path/Frameworks",
				);
				PRODUCT_BUNDLE_IDENTIFIER = com.perekrist.MusicAppTests;
				PRODUCT_NAME = "$(TARGET_NAME)";
				SWIFT_VERSION = 5.0;
				TARGETED_DEVICE_FAMILY = "1,2";
				TEST_HOST = "$(BUILT_PRODUCTS_DIR)/MusicApp.app/MusicApp";
			};
			name = Debug;
		};
		CAF25750244B8EC80018DEF0 /* Release */ = {
			isa = XCBuildConfiguration;
			baseConfigurationReference = F2338D079938D03C33269CF7 /* Pods-MusicAppTests.release.xcconfig */;
			buildSettings = {
				ALWAYS_EMBED_SWIFT_STANDARD_LIBRARIES = YES;
				BUNDLE_LOADER = "$(TEST_HOST)";
				CODE_SIGN_STYLE = Automatic;
				DEVELOPMENT_TEAM = 7NZPBTA9R6;
				INFOPLIST_FILE = MusicAppTests/Info.plist;
				IPHONEOS_DEPLOYMENT_TARGET = 13.4;
				LD_RUNPATH_SEARCH_PATHS = (
					"$(inherited)",
					"@executable_path/Frameworks",
					"@loader_path/Frameworks",
				);
				PRODUCT_BUNDLE_IDENTIFIER = com.perekrist.MusicAppTests;
				PRODUCT_NAME = "$(TARGET_NAME)";
				SWIFT_VERSION = 5.0;
				TARGETED_DEVICE_FAMILY = "1,2";
				TEST_HOST = "$(BUILT_PRODUCTS_DIR)/MusicApp.app/MusicApp";
			};
			name = Release;
		};
		CAF25752244B8EC80018DEF0 /* Debug */ = {
			isa = XCBuildConfiguration;
			baseConfigurationReference = E65B337E41C70F8E7D1ACCA5 /* Pods-MusicApp-MusicAppUITests.debug.xcconfig */;
			buildSettings = {
				ALWAYS_EMBED_SWIFT_STANDARD_LIBRARIES = YES;
				CODE_SIGN_STYLE = Automatic;
				DEVELOPMENT_TEAM = 7NZPBTA9R6;
				INFOPLIST_FILE = MusicAppUITests/Info.plist;
				LD_RUNPATH_SEARCH_PATHS = (
					"$(inherited)",
					"@executable_path/Frameworks",
					"@loader_path/Frameworks",
				);
				PRODUCT_BUNDLE_IDENTIFIER = com.perekrist.MusicAppUITests;
				PRODUCT_NAME = "$(TARGET_NAME)";
				SWIFT_VERSION = 5.0;
				TARGETED_DEVICE_FAMILY = "1,2";
				TEST_TARGET_NAME = MusicApp;
			};
			name = Debug;
		};
		CAF25753244B8EC80018DEF0 /* Release */ = {
			isa = XCBuildConfiguration;
			baseConfigurationReference = 478C3006288544212AB66147 /* Pods-MusicApp-MusicAppUITests.release.xcconfig */;
			buildSettings = {
				ALWAYS_EMBED_SWIFT_STANDARD_LIBRARIES = YES;
				CODE_SIGN_STYLE = Automatic;
				DEVELOPMENT_TEAM = 7NZPBTA9R6;
				INFOPLIST_FILE = MusicAppUITests/Info.plist;
				LD_RUNPATH_SEARCH_PATHS = (
					"$(inherited)",
					"@executable_path/Frameworks",
					"@loader_path/Frameworks",
				);
				PRODUCT_BUNDLE_IDENTIFIER = com.perekrist.MusicAppUITests;
				PRODUCT_NAME = "$(TARGET_NAME)";
				SWIFT_VERSION = 5.0;
				TARGETED_DEVICE_FAMILY = "1,2";
				TEST_TARGET_NAME = MusicApp;
			};
			name = Release;
		};
/* End XCBuildConfiguration section */

/* Begin XCConfigurationList section */
		CAF2571C244B8EC40018DEF0 /* Build configuration list for PBXProject "MusicApp" */ = {
			isa = XCConfigurationList;
			buildConfigurations = (
				CAF25749244B8EC80018DEF0 /* Debug */,
				CAF2574A244B8EC80018DEF0 /* Release */,
			);
			defaultConfigurationIsVisible = 0;
			defaultConfigurationName = Release;
		};
		CAF2574B244B8EC80018DEF0 /* Build configuration list for PBXNativeTarget "MusicApp" */ = {
			isa = XCConfigurationList;
			buildConfigurations = (
				CAF2574C244B8EC80018DEF0 /* Debug */,
				CAF2574D244B8EC80018DEF0 /* Release */,
			);
			defaultConfigurationIsVisible = 0;
			defaultConfigurationName = Release;
		};
		CAF2574E244B8EC80018DEF0 /* Build configuration list for PBXNativeTarget "MusicAppTests" */ = {
			isa = XCConfigurationList;
			buildConfigurations = (
				CAF2574F244B8EC80018DEF0 /* Debug */,
				CAF25750244B8EC80018DEF0 /* Release */,
			);
			defaultConfigurationIsVisible = 0;
			defaultConfigurationName = Release;
		};
		CAF25751244B8EC80018DEF0 /* Build configuration list for PBXNativeTarget "MusicAppUITests" */ = {
			isa = XCConfigurationList;
			buildConfigurations = (
				CAF25752244B8EC80018DEF0 /* Debug */,
				CAF25753244B8EC80018DEF0 /* Release */,
			);
			defaultConfigurationIsVisible = 0;
			defaultConfigurationName = Release;
		};
/* End XCConfigurationList section */
	};
	rootObject = CAF25719244B8EC40018DEF0 /* Project object */;
}
